
Microsoft Visual Studio Solution File, Format Version 12.00
# Visual Studio Version 16
VisualStudioVersion = 16.0.31605.320
MinimumVisualStudioVersion = 10.0.40219.1
Project("{FAE04EC0-301F-11D3-BF4B-00C04F79EFBC}") = "base64", "base64\base64.csproj", "{9798225E-A0C5-487F-A23B-0A91E53722BC}"
EndProject
Global
	GlobalSection(SolutionConfigurationPlatforms) = preSolution
		Debug|Any CPU = Debug|Any CPU
		Release|Any CPU = Release|Any CPU
	EndGlobalSection
	GlobalSection(ProjectConfigurationPlatforms) = postSolution
		{9798225E-A0C5-487F-A23B-0A91E53722BC}.Debug|Any CPU.ActiveCfg = Debug|Any CPU
		{9798225E-A0C5-487F-A23B-0A91E53722BC}.Debug|Any CPU.Build.0 = Debug|Any CPU
		{9798225E-A0C5-487F-A23B-0A91E53722BC}.Release|Any CPU.ActiveCfg = Release|Any CPU
		{9798225E-A0C5-487F-A23B-0A91E53722BC}.Release|Any CPU.Build.0 = Release|Any CPU
	EndGlobalSection
	GlobalSection(SolutionProperties) = preSolution
		HideSolutionNode = FALSE
	EndGlobalSection
	GlobalSection(ExtensibilityGlobals) = postSolution
		SolutionGuid = {135754A3-99B9-4325-B364-06ED2DE38745}
	EndGlobalSection
EndGlobal
